
Microsoft Visual Studio Solution File, Format Version 12.00
# Visual Studio Version 17
VisualStudioVersion = 17.1.32228.430
MinimumVisualStudioVersion = 10.0.40219.1
Project("{FAE04EC0-301F-11D3-BF4B-00C04F79EFBC}") = "KSCustomSplashTemplate", "KSCustomSplashTemplate\KSCustomSplashTemplate.csproj", "{D9BE3476-C4BF-4A2E-A71C-5E2847D553EF}"
EndProject
Global
	GlobalSection(SolutionConfigurationPlatforms) = preSolution
		Debug|Any CPU = Debug|Any CPU
		Release|Any CPU = Release|Any CPU
	EndGlobalSection
	GlobalSection(ProjectConfigurationPlatforms) = postSolution
		{D9BE3476-C4BF-4A2E-A71C-5E2847D553EF}.Debug|Any CPU.ActiveCfg = Debug|Any CPU
		{D9BE3476-C4BF-4A2E-A71C-5E2847D553EF}.Debug|Any CPU.Build.0 = Debug|Any CPU
		{D9BE3476-C4BF-4A2E-A71C-5E2847D553EF}.Release|Any CPU.ActiveCfg = Release|Any CPU
		{D9BE3476-C4BF-4A2E-A71C-5E2847D553EF}.Release|Any CPU.Build.0 = Release|Any CPU
	EndGlobalSection
	GlobalSection(SolutionProperties) = preSolution
		HideSolutionNode = FALSE
	EndGlobalSection
	GlobalSection(ExtensibilityGlobals) = postSolution
		SolutionGuid = {CB0F544C-5101-40A9-87B5-35EEA8A54587}
	EndGlobalSection
EndGlobal
